// !$*UTF8*$!
{
	archiveVersion = 1;
	classes = {
	};
	objectVersion = 55;
	objects = {

/* Begin PBXBuildFile section */
		E072B01D2815878900015300 /* AppDelegate.swift in Sources */ = {isa = PBXBuildFile; fileRef = E072B01C2815878900015300 /* AppDelegate.swift */; };
		E072B01F2815878900015300 /* SceneDelegate.swift in Sources */ = {isa = PBXBuildFile; fileRef = E072B01E2815878900015300 /* SceneDelegate.swift */; };
		E072B0212815878900015300 /* ViewController.swift in Sources */ = {isa = PBXBuildFile; fileRef = E072B0202815878900015300 /* ViewController.swift */; };
		E072B0242815878900015300 /* Main.storyboard in Resources */ = {isa = PBXBuildFile; fileRef = E072B0222815878900015300 /* Main.storyboard */; };
		E072B0262815878B00015300 /* Assets.xcassets in Resources */ = {isa = PBXBuildFile; fileRef = E072B0252815878B00015300 /* Assets.xcassets */; };
		E072B0292815878B00015300 /* LaunchScreen.storyboard in Resources */ = {isa = PBXBuildFile; fileRef = E072B0272815878B00015300 /* LaunchScreen.storyboard */; };
		E072B0342815878C00015300 /* TestingFramworkTests.swift in Sources */ = {isa = PBXBuildFile; fileRef = E072B0332815878C00015300 /* TestingFramworkTests.swift */; };
		E072B03E2815878C00015300 /* TestingFramworkUITests.swift in Sources */ = {isa = PBXBuildFile; fileRef = E072B03D2815878C00015300 /* TestingFramworkUITests.swift */; };
		E072B0402815878C00015300 /* TestingFramworkUITestsLaunchTests.swift in Sources */ = {isa = PBXBuildFile; fileRef = E072B03F2815878C00015300 /* TestingFramworkUITestsLaunchTests.swift */; };
		E072B05728158A9B00015300 /* UmbrellaFramework.framework in Frameworks */ = {isa = PBXBuildFile; fileRef = E072B05628158A9B00015300 /* UmbrellaFramework.framework */; };
		E072B05828158A9B00015300 /* UmbrellaFramework.framework in Embed Frameworks */ = {isa = PBXBuildFile; fileRef = E072B05628158A9B00015300 /* UmbrellaFramework.framework */; settings = {ATTRIBUTES = (CodeSignOnCopy, RemoveHeadersOnCopy, ); }; };
/* End PBXBuildFile section */

/* Begin PBXContainerItemProxy section */
		E072B0302815878C00015300 /* PBXContainerItemProxy */ = {
			isa = PBXContainerItemProxy;
			containerPortal = E072B0112815878900015300 /* Project object */;
			proxyType = 1;
			remoteGlobalIDString = E072B0182815878900015300;
			remoteInfo = TestingFramwork;
		};
		E072B03A2815878C00015300 /* PBXContainerItemProxy */ = {
			isa = PBXContainerItemProxy;
			containerPortal = E072B0112815878900015300 /* Project object */;
			proxyType = 1;
			remoteGlobalIDString = E072B0182815878900015300;
			remoteInfo = TestingFramwork;
		};
/* End PBXContainerItemProxy section */

/* Begin PBXCopyFilesBuildPhase section */
		E072B0502815883100015300 /* Embed Frameworks */ = {
			isa = PBXCopyFilesBuildPhase;
			buildActionMask = 2147483647;
			dstPath = "";
			dstSubfolderSpec = 10;
			files = (
				E072B05828158A9B00015300 /* UmbrellaFramework.framework in Embed Frameworks */,
			);
			name = "Embed Frameworks";
			runOnlyForDeploymentPostprocessing = 0;
		};
/* End PBXCopyFilesBuildPhase section */

/* Begin PBXFileReference section */
		E072B0192815878900015300 /* TestingFramwork.app */ = {isa = PBXFileReference; explicitFileType = wrapper.application; includeInIndex = 0; path = TestingFramwork.app; sourceTree = BUILT_PRODUCTS_DIR; };
		E072B01C2815878900015300 /* AppDelegate.swift */ = {isa = PBXFileReference; lastKnownFileType = sourcecode.swift; path = AppDelegate.swift; sourceTree = "<group>"; };
		E072B01E2815878900015300 /* SceneDelegate.swift */ = {isa = PBXFileReference; lastKnownFileType = sourcecode.swift; path = SceneDelegate.swift; sourceTree = "<group>"; };
		E072B0202815878900015300 /* ViewController.swift */ = {isa = PBXFileReference; lastKnownFileType = sourcecode.swift; path = ViewController.swift; sourceTree = "<group>"; };
		E072B0232815878900015300 /* Base */ = {isa = PBXFileReference; lastKnownFileType = file.storyboard; name = Base; path = Base.lproj/Main.storyboard; sourceTree = "<group>"; };
		E072B0252815878B00015300 /* Assets.xcassets */ = {isa = PBXFileReference; lastKnownFileType = folder.assetcatalog; path = Assets.xcassets; sourceTree = "<group>"; };
		E072B0282815878B00015300 /* Base */ = {isa = PBXFileReference; lastKnownFileType = file.storyboard; name = Base; path = Base.lproj/LaunchScreen.storyboard; sourceTree = "<group>"; };
		E072B02A2815878B00015300 /* Info.plist */ = {isa = PBXFileReference; lastKnownFileType = text.plist.xml; path = Info.plist; sourceTree = "<group>"; };
		E072B02F2815878C00015300 /* TestingFramworkTests.xctest */ = {isa = PBXFileReference; explicitFileType = wrapper.cfbundle; includeInIndex = 0; path = TestingFramworkTests.xctest; sourceTree = BUILT_PRODUCTS_DIR; };
		E072B0332815878C00015300 /* TestingFramworkTests.swift */ = {isa = PBXFileReference; lastKnownFileType = sourcecode.swift; path = TestingFramworkTests.swift; sourceTree = "<group>"; };
		E072B0392815878C00015300 /* TestingFramworkUITests.xctest */ = {isa = PBXFileReference; explicitFileType = wrapper.cfbundle; includeInIndex = 0; path = TestingFramworkUITests.xctest; sourceTree = BUILT_PRODUCTS_DIR; };
		E072B03D2815878C00015300 /* TestingFramworkUITests.swift */ = {isa = PBXFileReference; lastKnownFileType = sourcecode.swift; path = TestingFramworkUITests.swift; sourceTree = "<group>"; };
		E072B03F2815878C00015300 /* TestingFramworkUITestsLaunchTests.swift */ = {isa = PBXFileReference; lastKnownFileType = sourcecode.swift; path = TestingFramworkUITestsLaunchTests.swift; sourceTree = "<group>"; };
		E072B05628158A9B00015300 /* UmbrellaFramework.framework */ = {isa = PBXFileReference; lastKnownFileType = wrapper.framework; path = UmbrellaFramework.framework; sourceTree = "<group>"; };
/* End PBXFileReference section */

/* Begin PBXFrameworksBuildPhase section */
		E072B0162815878900015300 /* Frameworks */ = {
			isa = PBXFrameworksBuildPhase;
			buildActionMask = 2147483647;
			files = (
				E072B05728158A9B00015300 /* UmbrellaFramework.framework in Frameworks */,
			);
			runOnlyForDeploymentPostprocessing = 0;
		};
		E072B02C2815878C00015300 /* Frameworks */ = {
			isa = PBXFrameworksBuildPhase;
			buildActionMask = 2147483647;
			files = (
			);
			runOnlyForDeploymentPostprocessing = 0;
		};
		E072B0362815878C00015300 /* Frameworks */ = {
			isa = PBXFrameworksBuildPhase;
			buildActionMask = 2147483647;
			files = (
			);
			runOnlyForDeploymentPostprocessing = 0;
		};
/* End PBXFrameworksBuildPhase section */

/* Begin PBXGroup section */
		E072B0102815878900015300 = {
			isa = PBXGroup;
			children = (
				E072B01B2815878900015300 /* TestingFramwork */,
				E072B0322815878C00015300 /* TestingFramworkTests */,
				E072B03C2815878C00015300 /* TestingFramworkUITests */,
				E072B01A2815878900015300 /* Products */,
				E072B04C2815883100015300 /* Frameworks */,
			);
			sourceTree = "<group>";
		};
		E072B01A2815878900015300 /* Products */ = {
			isa = PBXGroup;
			children = (
				E072B0192815878900015300 /* TestingFramwork.app */,
				E072B02F2815878C00015300 /* TestingFramworkTests.xctest */,
				E072B0392815878C00015300 /* TestingFramworkUITests.xctest */,
			);
			name = Products;
			sourceTree = "<group>";
		};
		E072B01B2815878900015300 /* TestingFramwork */ = {
			isa = PBXGroup;
			children = (
				E072B01C2815878900015300 /* AppDelegate.swift */,
				E072B01E2815878900015300 /* SceneDelegate.swift */,
				E072B0202815878900015300 /* ViewController.swift */,
				E072B0222815878900015300 /* Main.storyboard */,
				E072B0252815878B00015300 /* Assets.xcassets */,
				E072B0272815878B00015300 /* LaunchScreen.storyboard */,
				E072B02A2815878B00015300 /* Info.plist */,
			);
			path = TestingFramwork;
			sourceTree = "<group>";
		};
		E072B0322815878C00015300 /* TestingFramworkTests */ = {
			isa = PBXGroup;
			children = (
				E072B0332815878C00015300 /* TestingFramworkTests.swift */,
			);
			path = TestingFramworkTests;
			sourceTree = "<group>";
		};
		E072B03C2815878C00015300 /* TestingFramworkUITests */ = {
			isa = PBXGroup;
			children = (
				E072B03D2815878C00015300 /* TestingFramworkUITests.swift */,
				E072B03F2815878C00015300 /* TestingFramworkUITestsLaunchTests.swift */,
			);
			path = TestingFramworkUITests;
			sourceTree = "<group>";
		};
		E072B04C2815883100015300 /* Frameworks */ = {
			isa = PBXGroup;
			children = (
				E072B05628158A9B00015300 /* UmbrellaFramework.framework */,
			);
			name = Frameworks;
			sourceTree = "<group>";
		};
/* End PBXGroup section */

/* Begin PBXNativeTarget section */
		E072B0182815878900015300 /* TestingFramwork */ = {
			isa = PBXNativeTarget;
			buildConfigurationList = E072B0432815878C00015300 /* Build configuration list for PBXNativeTarget "TestingFramwork" */;
			buildPhases = (
				E072B0152815878900015300 /* Sources */,
				E072B0162815878900015300 /* Frameworks */,
				E072B0172815878900015300 /* Resources */,
				E072B0502815883100015300 /* Embed Frameworks */,
				E072B0512815888C00015300 /* ShellScript */,
			);
			buildRules = (
			);
			dependencies = (
			);
			name = TestingFramwork;
			productName = TestingFramwork;
			productReference = E072B0192815878900015300 /* TestingFramwork.app */;
			productType = "com.apple.product-type.application";
		};
		E072B02E2815878C00015300 /* TestingFramworkTests */ = {
			isa = PBXNativeTarget;
			buildConfigurationList = E072B0462815878C00015300 /* Build configuration list for PBXNativeTarget "TestingFramworkTests" */;
			buildPhases = (
				E072B02B2815878C00015300 /* Sources */,
				E072B02C2815878C00015300 /* Frameworks */,
				E072B02D2815878C00015300 /* Resources */,
			);
			buildRules = (
			);
			dependencies = (
				E072B0312815878C00015300 /* PBXTargetDependency */,
			);
			name = TestingFramworkTests;
			productName = TestingFramworkTests;
			productReference = E072B02F2815878C00015300 /* TestingFramworkTests.xctest */;
			productType = "com.apple.product-type.bundle.unit-test";
		};
		E072B0382815878C00015300 /* TestingFramworkUITests */ = {
			isa = PBXNativeTarget;
			buildConfigurationList = E072B0492815878C00015300 /* Build configuration list for PBXNativeTarget "TestingFramworkUITests" */;
			buildPhases = (
				E072B0352815878C00015300 /* Sources */,
				E072B0362815878C00015300 /* Frameworks */,
				E072B0372815878C00015300 /* Resources */,
			);
			buildRules = (
			);
			dependencies = (
				E072B03B2815878C00015300 /* PBXTargetDependency */,
			);
			name = TestingFramworkUITests;
			productName = TestingFramworkUITests;
			productReference = E072B0392815878C00015300 /* TestingFramworkUITests.xctest */;
			productType = "com.apple.product-type.bundle.ui-testing";
		};
/* End PBXNativeTarget section */

/* Begin PBXProject section */
		E072B0112815878900015300 /* Project object */ = {
			isa = PBXProject;
			attributes = {
				BuildIndependentTargetsInParallel = 1;
				LastSwiftUpdateCheck = 1330;
				LastUpgradeCheck = 1330;
				TargetAttributes = {
					E072B0182815878900015300 = {
						CreatedOnToolsVersion = 13.3.1;
					};
					E072B02E2815878C00015300 = {
						CreatedOnToolsVersion = 13.3.1;
						TestTargetID = E072B0182815878900015300;
					};
					E072B0382815878C00015300 = {
						CreatedOnToolsVersion = 13.3.1;
						TestTargetID = E072B0182815878900015300;
					};
				};
			};
			buildConfigurationList = E072B0142815878900015300 /* Build configuration list for PBXProject "TestingFramwork" */;
			compatibilityVersion = "Xcode 13.0";
			developmentRegion = en;
			hasScannedForEncodings = 0;
			knownRegions = (
				en,
				Base,
			);
			mainGroup = E072B0102815878900015300;
			productRefGroup = E072B01A2815878900015300 /* Products */;
			projectDirPath = "";
			projectRoot = "";
			targets = (
				E072B0182815878900015300 /* TestingFramwork */,
				E072B02E2815878C00015300 /* TestingFramworkTests */,
				E072B0382815878C00015300 /* TestingFramworkUITests */,
			);
		};
/* End PBXProject section */

/* Begin PBXResourcesBuildPhase section */
		E072B0172815878900015300 /* Resources */ = {
			isa = PBXResourcesBuildPhase;
			buildActionMask = 2147483647;
			files = (
				E072B0292815878B00015300 /* LaunchScreen.storyboard in Resources */,
				E072B0262815878B00015300 /* Assets.xcassets in Resources */,
				E072B0242815878900015300 /* Main.storyboard in Resources */,
			);
			runOnlyForDeploymentPostprocessing = 0;
		};
		E072B02D2815878C00015300 /* Resources */ = {
			isa = PBXResourcesBuildPhase;
			buildActionMask = 2147483647;
			files = (
			);
			runOnlyForDeploymentPostprocessing = 0;
		};
		E072B0372815878C00015300 /* Resources */ = {
			isa = PBXResourcesBuildPhase;
			buildActionMask = 2147483647;
			files = (
			);
			runOnlyForDeploymentPostprocessing = 0;
		};
/* End PBXResourcesBuildPhase section */

/* Begin PBXShellScriptBuildPhase section */
		E072B0512815888C00015300 /* ShellScript */ = {
			isa = PBXShellScriptBuildPhase;
			buildActionMask = 2147483647;
			files = (
			);
			inputFileListPaths = (
			);
			inputPaths = (
			);
			outputFileListPaths = (
			);
			outputPaths = (
			);
			runOnlyForDeploymentPostprocessing = 0;
			shellPath = /bin/sh;
			shellScript = "# Type a script or drag a script file from your workspace to insert its path.\npushd ${TARGET_BUILD_DIR}/${PRODUCT_NAME}.app/Frameworks/UmbrellaFramework.framework/Frameworks\nfor EACH in *.framework; do\necho \"-- signing ${EACH}\"\n/usr/bin/codesign --force --deep --sign \"${EXPANDED_CODE_SIGN_IDENTITY}\" --entitlements \"${TARGET_TEMP_DIR}/${PRODUCT_NAME}.app.xcent\" --timestamp=none $EACH\ndone\npopd\n";
		};
/* End PBXShellScriptBuildPhase section */

/* Begin PBXSourcesBuildPhase section */
		E072B0152815878900015300 /* Sources */ = {
			isa = PBXSourcesBuildPhase;
			buildActionMask = 2147483647;
			files = (
				E072B0212815878900015300 /* ViewController.swift in Sources */,
				E072B01D2815878900015300 /* AppDelegate.swift in Sources */,
				E072B01F2815878900015300 /* SceneDelegate.swift in Sources */,
			);
			runOnlyForDeploymentPostprocessing = 0;
		};
		E072B02B2815878C00015300 /* Sources */ = {
			isa = PBXSourcesBuildPhase;
			buildActionMask = 2147483647;
			files = (
				E072B0342815878C00015300 /* TestingFramworkTests.swift in Sources */,
			);
			runOnlyForDeploymentPostprocessing = 0;
		};
		E072B0352815878C00015300 /* Sources */ = {
			isa = PBXSourcesBuildPhase;
			buildActionMask = 2147483647;
			files = (
				E072B0402815878C00015300 /* TestingFramworkUITestsLaunchTests.swift in Sources */,
				E072B03E2815878C00015300 /* TestingFramworkUITests.swift in Sources */,
			);
			runOnlyForDeploymentPostprocessing = 0;
		};
/* End PBXSourcesBuildPhase section */

/* Begin PBXTargetDependency section */
		E072B0312815878C00015300 /* PBXTargetDependency */ = {
			isa = PBXTargetDependency;
			target = E072B0182815878900015300 /* TestingFramwork */;
			targetProxy = E072B0302815878C00015300 /* PBXContainerItemProxy */;
		};
		E072B03B2815878C00015300 /* PBXTargetDependency */ = {
			isa = PBXTargetDependency;
			target = E072B0182815878900015300 /* TestingFramwork */;
			targetProxy = E072B03A2815878C00015300 /* PBXContainerItemProxy */;
		};
/* End PBXTargetDependency section */

/* Begin PBXVariantGroup section */
		E072B0222815878900015300 /* Main.storyboard */ = {
			isa = PBXVariantGroup;
			children = (
				E072B0232815878900015300 /* Base */,
			);
			name = Main.storyboard;
			sourceTree = "<group>";
		};
		E072B0272815878B00015300 /* LaunchScreen.storyboard */ = {
			isa = PBXVariantGroup;
			children = (
				E072B0282815878B00015300 /* Base */,
			);
			name = LaunchScreen.storyboard;
			sourceTree = "<group>";
		};
/* End PBXVariantGroup section */

/* Begin XCBuildConfiguration section */
		E072B0412815878C00015300 /* Debug */ = {
			isa = XCBuildConfiguration;
			buildSettings = {
				ALWAYS_SEARCH_USER_PATHS = NO;
				CLANG_ANALYZER_NONNULL = YES;
				CLANG_ANALYZER_NUMBER_OBJECT_CONVERSION = YES_AGGRESSIVE;
				CLANG_CXX_LANGUAGE_STANDARD = "gnu++17";
				CLANG_ENABLE_MODULES = YES;
				CLANG_ENABLE_OBJC_ARC = YES;
				CLANG_ENABLE_OBJC_WEAK = YES;
				CLANG_WARN_BLOCK_CAPTURE_AUTORELEASING = YES;
				CLANG_WARN_BOOL_CONVERSION = YES;
				CLANG_WARN_COMMA = YES;
				CLANG_WARN_CONSTANT_CONVERSION = YES;
				CLANG_WARN_DEPRECATED_OBJC_IMPLEMENTATIONS = YES;
				CLANG_WARN_DIRECT_OBJC_ISA_USAGE = YES_ERROR;
				CLANG_WARN_DOCUMENTATION_COMMENTS = YES;
				CLANG_WARN_EMPTY_BODY = YES;
				CLANG_WARN_ENUM_CONVERSION = YES;
				CLANG_WARN_INFINITE_RECURSION = YES;
				CLANG_WARN_INT_CONVERSION = YES;
				CLANG_WARN_NON_LITERAL_NULL_CONVERSION = YES;
				CLANG_WARN_OBJC_IMPLICIT_RETAIN_SELF = YES;
				CLANG_WARN_OBJC_LITERAL_CONVERSION = YES;
				CLANG_WARN_OBJC_ROOT_CLASS = YES_ERROR;
				CLANG_WARN_QUOTED_INCLUDE_IN_FRAMEWORK_HEADER = YES;
				CLANG_WARN_RANGE_LOOP_ANALYSIS = YES;
				CLANG_WARN_STRICT_PROTOTYPES = YES;
				CLANG_WARN_SUSPICIOUS_MOVE = YES;
				CLANG_WARN_UNGUARDED_AVAILABILITY = YES_AGGRESSIVE;
				CLANG_WARN_UNREACHABLE_CODE = YES;
				CLANG_WARN__DUPLICATE_METHOD_MATCH = YES;
				COPY_PHASE_STRIP = NO;
				DEBUG_INFORMATION_FORMAT = dwarf;
				ENABLE_STRICT_OBJC_MSGSEND = YES;
				ENABLE_TESTABILITY = YES;
				GCC_C_LANGUAGE_STANDARD = gnu11;
				GCC_DYNAMIC_NO_PIC = NO;
				GCC_NO_COMMON_BLOCKS = YES;
				GCC_OPTIMIZATION_LEVEL = 0;
				GCC_PREPROCESSOR_DEFINITIONS = (
					"DEBUG=1",
					"$(inherited)",
				);
				GCC_WARN_64_TO_32_BIT_CONVERSION = YES;
				GCC_WARN_ABOUT_RETURN_TYPE = YES_ERROR;
				GCC_WARN_UNDECLARED_SELECTOR = YES;
				GCC_WARN_UNINITIALIZED_AUTOS = YES_AGGRESSIVE;
				GCC_WARN_UNUSED_FUNCTION = YES;
				GCC_WARN_UNUSED_VARIABLE = YES;
				IPHONEOS_DEPLOYMENT_TARGET = 15.4;
				MTL_ENABLE_DEBUG_INFO = INCLUDE_SOURCE;
				MTL_FAST_MATH = YES;
				ONLY_ACTIVE_ARCH = YES;
				SDKROOT = iphoneos;
				SWIFT_ACTIVE_COMPILATION_CONDITIONS = DEBUG;
				SWIFT_OPTIMIZATION_LEVEL = "-Onone";
			};
			name = Debug;
		};
		E072B0422815878C00015300 /* Release */ = {
			isa = XCBuildConfiguration;
			buildSettings = {
				ALWAYS_SEARCH_USER_PATHS = NO;
				CLANG_ANALYZER_NONNULL = YES;
				CLANG_ANALYZER_NUMBER_OBJECT_CONVERSION = YES_AGGRESSIVE;
				CLANG_CXX_LANGUAGE_STANDARD = "gnu++17";
				CLANG_ENABLE_MODULES = YES;
				CLANG_ENABLE_OBJC_ARC = YES;
				CLANG_ENABLE_OBJC_WEAK = YES;
				CLANG_WARN_BLOCK_CAPTURE_AUTORELEASING = YES;
				CLANG_WARN_BOOL_CONVERSION = YES;
				CLANG_WARN_COMMA = YES;
				CLANG_WARN_CONSTANT_CONVERSION = YES;
				CLANG_WARN_DEPRECATED_OBJC_IMPLEMENTATIONS = YES;
				CLANG_WARN_DIRECT_OBJC_ISA_USAGE = YES_ERROR;
				CLANG_WARN_DOCUMENTATION_COMMENTS = YES;
				CLANG_WARN_EMPTY_BODY = YES;
				CLANG_WARN_ENUM_CONVERSION = YES;
				CLANG_WARN_INFINITE_RECURSION = YES;
				CLANG_WARN_INT_CONVERSION = YES;
				CLANG_WARN_NON_LITERAL_NULL_CONVERSION = YES;
				CLANG_WARN_OBJC_IMPLICIT_RETAIN_SELF = YES;
				CLANG_WARN_OBJC_LITERAL_CONVERSION = YES;
				CLANG_WARN_OBJC_ROOT_CLASS = YES_ERROR;
				CLANG_WARN_QUOTED_INCLUDE_IN_FRAMEWORK_HEADER = YES;
				CLANG_WARN_RANGE_LOOP_ANALYSIS = YES;
				CLANG_WARN_STRICT_PROTOTYPES = YES;
				CLANG_WARN_SUSPICIOUS_MOVE = YES;
				CLANG_WARN_UNGUARDED_AVAILABILITY = YES_AGGRESSIVE;
				CLANG_WARN_UNREACHABLE_CODE = YES;
				CLANG_WARN__DUPLICATE_METHOD_MATCH = YES;
				COPY_PHASE_STRIP = NO;
				DEBUG_INFORMATION_FORMAT = "dwarf-with-dsym";
				ENABLE_NS_ASSERTIONS = NO;
				ENABLE_STRICT_OBJC_MSGSEND = YES;
				GCC_C_LANGUAGE_STANDARD = gnu11;
				GCC_NO_COMMON_BLOCKS = YES;
				GCC_WARN_64_TO_32_BIT_CONVERSION = YES;
				GCC_WARN_ABOUT_RETURN_TYPE = YES_ERROR;
				GCC_WARN_UNDECLARED_SELECTOR = YES;
				GCC_WARN_UNINITIALIZED_AUTOS = YES_AGGRESSIVE;
				GCC_WARN_UNUSED_FUNCTION = YES;
				GCC_WARN_UNUSED_VARIABLE = YES;
				IPHONEOS_DEPLOYMENT_TARGET = 15.4;
				MTL_ENABLE_DEBUG_INFO = NO;
				MTL_FAST_MATH = YES;
				SDKROOT = iphoneos;
				SWIFT_COMPILATION_MODE = wholemodule;
				SWIFT_OPTIMIZATION_LEVEL = "-O";
				VALIDATE_PRODUCT = YES;
			};
			name = Release;
		};
		E072B0442815878C00015300 /* Debug */ = {
			isa = XCBuildConfiguration;
			buildSettings = {
				ASSETCATALOG_COMPILER_APPICON_NAME = AppIcon;
				ASSETCATALOG_COMPILER_GLOBAL_ACCENT_COLOR_NAME = AccentColor;
				CODE_SIGN_STYLE = Automatic;
				CURRENT_PROJECT_VERSION = 1;
				DEVELOPMENT_TEAM = J8G8DUU33R;
				FRAMEWORK_SEARCH_PATHS = (
					"$(inherited)",
					"$(PROJECT_DIR)",
					"$(SRCROOT)/UmbrellaFramework.framework/**",
					"$(SRCROOT)/UmbrellaFramework.framework/Frameworks/**",
				);
				GENERATE_INFOPLIST_FILE = YES;
				INFOPLIST_FILE = TestingFramwork/Info.plist;
				INFOPLIST_KEY_UIApplicationSupportsIndirectInputEvents = YES;
				INFOPLIST_KEY_UILaunchStoryboardName = LaunchScreen;
				INFOPLIST_KEY_UIMainStoryboardFile = Main;
				INFOPLIST_KEY_UISupportedInterfaceOrientations_iPad = "UIInterfaceOrientationPortrait UIInterfaceOrientationPortraitUpsideDown UIInterfaceOrientationLandscapeLeft UIInterfaceOrientationLandscapeRight";
				INFOPLIST_KEY_UISupportedInterfaceOrientations_iPhone = "UIInterfaceOrientationPortrait UIInterfaceOrientationLandscapeLeft UIInterfaceOrientationLandscapeRight";
				IPHONEOS_DEPLOYMENT_TARGET = 14.0;
				LD_RUNPATH_SEARCH_PATHS = (
					"$(inherited)",
					"@executable_path/Frameworks",
				);
				MARKETING_VERSION = 1.0;
				PRODUCT_BUNDLE_IDENTIFIER = com.obs.TestingFramwork;
				PRODUCT_NAME = "$(TARGET_NAME)";
				SWIFT_EMIT_LOC_STRINGS = YES;
				SWIFT_VERSION = 5.0;
				TARGETED_DEVICE_FAMILY = "1,2";
			};
			name = Debug;
		};
		E072B0452815878C00015300 /* Release */ = {
			isa = XCBuildConfiguration;
			buildSettings = {
				ASSETCATALOG_COMPILER_APPICON_NAME = AppIcon;
				ASSETCATALOG_COMPILER_GLOBAL_ACCENT_COLOR_NAME = AccentColor;
				CODE_SIGN_STYLE = Automatic;
				CURRENT_PROJECT_VERSION = 1;
				DEVELOPMENT_TEAM = J8G8DUU33R;
				FRAMEWORK_SEARCH_PATHS = (
					"$(inherited)",
					"$(PROJECT_DIR)",
					"$(SRCROOT)/UmbrellaFramework.framework/**",
					"$(SRCROOT)/UmbrellaFramework.framework/Frameworks/**",
				);
				GENERATE_INFOPLIST_FILE = YES;
				INFOPLIST_FILE = TestingFramwork/Info.plist;
				INFOPLIST_KEY_UIApplicationSupportsIndirectInputEvents = YES;
				INFOPLIST_KEY_UILaunchStoryboardName = LaunchScreen;
				INFOPLIST_KEY_UIMainStoryboardFile = Main;
				INFOPLIST_KEY_UISupportedInterfaceOrientations_iPad = "UIInterfaceOrientationPortrait UIInterfaceOrientationPortraitUpsideDown UIInterfaceOrientationLandscapeLeft UIInterfaceOrientationLandscapeRight";
				INFOPLIST_KEY_UISupportedInterfaceOrientations_iPhone = "UIInterfaceOrientationPortrait UIInterfaceOrientationLandscapeLeft UIInterfaceOrientationLandscapeRight";
				IPHONEOS_DEPLOYMENT_TARGET = 14.0;
				LD_RUNPATH_SEARCH_PATHS = (
					"$(inherited)",
					"@executable_path/Frameworks",
				);
				MARKETING_VERSION = 1.0;
				PRODUCT_BUNDLE_IDENTIFIER = com.obs.TestingFramwork;
				PRODUCT_NAME = "$(TARGET_NAME)";
				SWIFT_EMIT_LOC_STRINGS = YES;
				SWIFT_VERSION = 5.0;
				TARGETED_DEVICE_FAMILY = "1,2";
			};
			name = Release;
		};
		E072B0472815878C00015300 /* Debug */ = {
			isa = XCBuildConfiguration;
			buildSettings = {
				ALWAYS_EMBED_SWIFT_STANDARD_LIBRARIES = YES;
				BUNDLE_LOADER = "$(TEST_HOST)";
				CODE_SIGN_STYLE = Automatic;
				CURRENT_PROJECT_VERSION = 1;
				DEVELOPMENT_TEAM = J8G8DUU33R;
				GENERATE_INFOPLIST_FILE = YES;
				IPHONEOS_DEPLOYMENT_TARGET = 15.4;
				MARKETING_VERSION = 1.0;
				PRODUCT_BUNDLE_IDENTIFIER = com.obs.TestingFramworkTests;
				PRODUCT_NAME = "$(TARGET_NAME)";
				SWIFT_EMIT_LOC_STRINGS = NO;
				SWIFT_VERSION = 5.0;
				TARGETED_DEVICE_FAMILY = "1,2";
				TEST_HOST = "$(BUILT_PRODUCTS_DIR)/TestingFramwork.app/TestingFramwork";
			};
			name = Debug;
		};
		E072B0482815878C00015300 /* Release */ = {
			isa = XCBuildConfiguration;
			buildSettings = {
				ALWAYS_EMBED_SWIFT_STANDARD_LIBRARIES = YES;
				BUNDLE_LOADER = "$(TEST_HOST)";
				CODE_SIGN_STYLE = Automatic;
				CURRENT_PROJECT_VERSION = 1;
				DEVELOPMENT_TEAM = J8G8DUU33R;
				GENERATE_INFOPLIST_FILE = YES;
				IPHONEOS_DEPLOYMENT_TARGET = 15.4;
				MARKETING_VERSION = 1.0;
				PRODUCT_BUNDLE_IDENTIFIER = com.obs.TestingFramworkTests;
				PRODUCT_NAME = "$(TARGET_NAME)";
				SWIFT_EMIT_LOC_STRINGS = NO;
				SWIFT_VERSION = 5.0;
				TARGETED_DEVICE_FAMILY = "1,2";
				TEST_HOST = "$(BUILT_PRODUCTS_DIR)/TestingFramwork.app/TestingFramwork";
			};
			name = Release;
		};
		E072B04A2815878C00015300 /* Debug */ = {
			isa = XCBuildConfiguration;
			buildSettings = {
				ALWAYS_EMBED_SWIFT_STANDARD_LIBRARIES = YES;
				CODE_SIGN_STYLE = Automatic;
				CURRENT_PROJECT_VERSION = 1;
				DEVELOPMENT_TEAM = J8G8DUU33R;
				GENERATE_INFOPLIST_FILE = YES;
				MARKETING_VERSION = 1.0;
				PRODUCT_BUNDLE_IDENTIFIER = com.obs.TestingFramworkUITests;
				PRODUCT_NAME = "$(TARGET_NAME)";
				SWIFT_EMIT_LOC_STRINGS = NO;
				SWIFT_VERSION = 5.0;
				TARGETED_DEVICE_FAMILY = "1,2";
				TEST_TARGET_NAME = TestingFramwork;
			};
			name = Debug;
		};
		E072B04B2815878C00015300 /* Release */ = {
			isa = XCBuildConfiguration;
			buildSettings = {
				ALWAYS_EMBED_SWIFT_STANDARD_LIBRARIES = YES;
				CODE_SIGN_STYLE = Automatic;
				CURRENT_PROJECT_VERSION = 1;
				DEVELOPMENT_TEAM = J8G8DUU33R;
				GENERATE_INFOPLIST_FILE = YES;
				MARKETING_VERSION = 1.0;
				PRODUCT_BUNDLE_IDENTIFIER = com.obs.TestingFramworkUITests;
				PRODUCT_NAME = "$(TARGET_NAME)";
				SWIFT_EMIT_LOC_STRINGS = NO;
				SWIFT_VERSION = 5.0;
				TARGETED_DEVICE_FAMILY = "1,2";
				TEST_TARGET_NAME = TestingFramwork;
			};
			name = Release;
		};
/* End XCBuildConfiguration section */

/* Begin XCConfigurationList section */
		E072B0142815878900015300 /* Build configuration list for PBXProject "TestingFramwork" */ = {
			isa = XCConfigurationList;
			buildConfigurations = (
				E072B0412815878C00015300 /* Debug */,
				E072B0422815878C00015300 /* Release */,
			);
			defaultConfigurationIsVisible = 0;
			defaultConfigurationName = Release;
		};
		E072B0432815878C00015300 /* Build configuration list for PBXNativeTarget "TestingFramwork" */ = {
			isa = XCConfigurationList;
			buildConfigurations = (
				E072B0442815878C00015300 /* Debug */,
				E072B0452815878C00015300 /* Release */,
			);
			defaultConfigurationIsVisible = 0;
			defaultConfigurationName = Release;
		};
		E072B0462815878C00015300 /* Build configuration list for PBXNativeTarget "TestingFramworkTests" */ = {
			isa = XCConfigurationList;
			buildConfigurations = (
				E072B0472815878C00015300 /* Debug */,
				E072B0482815878C00015300 /* Release */,
			);
			defaultConfigurationIsVisible = 0;
			defaultConfigurationName = Release;
		};
		E072B0492815878C00015300 /* Build configuration list for PBXNativeTarget "TestingFramworkUITests" */ = {
			isa = XCConfigurationList;
			buildConfigurations = (
				E072B04A2815878C00015300 /* Debug */,
				E072B04B2815878C00015300 /* Release */,
			);
			defaultConfigurationIsVisible = 0;
			defaultConfigurationName = Release;
		};
/* End XCConfigurationList section */
	};
	rootObject = E072B0112815878900015300 /* Project object */;
}
